
Microsoft Visual Studio Solution File, Format Version 12.00
# Visual Studio 15
VisualStudioVersion = 15.0.28307.421
MinimumVisualStudioVersion = 10.0.40219.1
Project("{2150E333-8FDC-42A3-9474-1A3956D46DE8}") = "Libraries", "Libraries", "{5F724A4A-4E95-4FF2-BB92-35977028A46C}"
EndProject
Project("{2150E333-8FDC-42A3-9474-1A3956D46DE8}") = "Src", "Src", "{74F8A3D8-41B3-443B-A7BC-8E62E7AF21A3}"
EndProject
Project("{2150E333-8FDC-42A3-9474-1A3956D46DE8}") = "test", "test", "{518499A8-7F73-4B9A-837F-C6E6B9F666D3}"
EndProject
Project("{9A19103F-16F7-4668-BE54-9A1E7A4F7556}") = "Mes.Core", "Mes.Core\Mes.Core.csproj", "{FBBA6FD1-2C23-4C12-B08D-8FFF52B2D606}"
EndProject
Project("{9A19103F-16F7-4668-BE54-9A1E7A4F7556}") = "Mes.WebApi", "Mes.WebApi\Mes.WebApi.csproj", "{DD6D4944-461B-48B6-B9F5-E3209768064F}"
EndProject
Project("{9A19103F-16F7-4668-BE54-9A1E7A4F7556}") = "Mes.Services", "Mes.Services\Mes.Services.csproj", "{CB18C853-FB5E-4DCA-BCD2-D3A6760BDE6C}"
EndProject
Project("{9A19103F-16F7-4668-BE54-9A1E7A4F7556}") = "Mes.Utility", "Mes.Utility\Mes.Utility.csproj", "{3C87DBDF-3E43-4A5A-BF89-24BD26C6F056}"
EndProject
Project("{9A19103F-16F7-4668-BE54-9A1E7A4F7556}") = "Mes.Infrastructure", "Mes.Infrastructure\Mes.Infrastructure.csproj", "{C062A2CB-2F68-4B6E-98EE-D4F4A5AB2E69}"
EndProject
Project("{FAE04EC0-301F-11D3-BF4B-00C04F79EFBC}") = "Mes.IdentityApi", "Mes.IdentityApi\Mes.IdentityApi.csproj", "{7AA0CCE9-F114-45ED-BED1-604E1563FC54}"
EndProject
Global
	GlobalSection(SolutionConfigurationPlatforms) = preSolution
		Debug|Any CPU = Debug|Any CPU
		Release|Any CPU = Release|Any CPU
	EndGlobalSection
	GlobalSection(ProjectConfigurationPlatforms) = postSolution
		{FBBA6FD1-2C23-4C12-B08D-8FFF52B2D606}.Debug|Any CPU.ActiveCfg = Debug|Any CPU
		{FBBA6FD1-2C23-4C12-B08D-8FFF52B2D606}.Debug|Any CPU.Build.0 = Debug|Any CPU
		{FBBA6FD1-2C23-4C12-B08D-8FFF52B2D606}.Release|Any CPU.ActiveCfg = Release|Any CPU
		{FBBA6FD1-2C23-4C12-B08D-8FFF52B2D606}.Release|Any CPU.Build.0 = Release|Any CPU
		{DD6D4944-461B-48B6-B9F5-E3209768064F}.Debug|Any CPU.ActiveCfg = Debug|Any CPU
		{DD6D4944-461B-48B6-B9F5-E3209768064F}.Debug|Any CPU.Build.0 = Debug|Any CPU
		{DD6D4944-461B-48B6-B9F5-E3209768064F}.Release|Any CPU.ActiveCfg = Release|Any CPU
		{DD6D4944-461B-48B6-B9F5-E3209768064F}.Release|Any CPU.Build.0 = Release|Any CPU
		{CB18C853-FB5E-4DCA-BCD2-D3A6760BDE6C}.Debug|Any CPU.ActiveCfg = Debug|Any CPU
		{CB18C853-FB5E-4DCA-BCD2-D3A6760BDE6C}.Debug|Any CPU.Build.0 = Debug|Any CPU
		{CB18C853-FB5E-4DCA-BCD2-D3A6760BDE6C}.Release|Any CPU.ActiveCfg = Release|Any CPU
		{CB18C853-FB5E-4DCA-BCD2-D3A6760BDE6C}.Release|Any CPU.Build.0 = Release|Any CPU
		{3C87DBDF-3E43-4A5A-BF89-24BD26C6F056}.Debug|Any CPU.ActiveCfg = Debug|Any CPU
		{3C87DBDF-3E43-4A5A-BF89-24BD26C6F056}.Debug|Any CPU.Build.0 = Debug|Any CPU
		{3C87DBDF-3E43-4A5A-BF89-24BD26C6F056}.Release|Any CPU.ActiveCfg = Release|Any CPU
		{3C87DBDF-3E43-4A5A-BF89-24BD26C6F056}.Release|Any CPU.Build.0 = Release|Any CPU
		{C062A2CB-2F68-4B6E-98EE-D4F4A5AB2E69}.Debug|Any CPU.ActiveCfg = Debug|Any CPU
		{C062A2CB-2F68-4B6E-98EE-D4F4A5AB2E69}.Debug|Any CPU.Build.0 = Debug|Any CPU
		{C062A2CB-2F68-4B6E-98EE-D4F4A5AB2E69}.Release|Any CPU.ActiveCfg = Release|Any CPU
		{C062A2CB-2F68-4B6E-98EE-D4F4A5AB2E69}.Release|Any CPU.Build.0 = Release|Any CPU
		{7AA0CCE9-F114-45ED-BED1-604E1563FC54}.Debug|Any CPU.ActiveCfg = Debug|Any CPU
		{7AA0CCE9-F114-45ED-BED1-604E1563FC54}.Debug|Any CPU.Build.0 = Debug|Any CPU
		{7AA0CCE9-F114-45ED-BED1-604E1563FC54}.Release|Any CPU.ActiveCfg = Release|Any CPU
		{7AA0CCE9-F114-45ED-BED1-604E1563FC54}.Release|Any CPU.Build.0 = Release|Any CPU
	EndGlobalSection
	GlobalSection(SolutionProperties) = preSolution
		HideSolutionNode = FALSE
	EndGlobalSection
	GlobalSection(NestedProjects) = preSolution
		{FBBA6FD1-2C23-4C12-B08D-8FFF52B2D606} = {5F724A4A-4E95-4FF2-BB92-35977028A46C}
		{DD6D4944-461B-48B6-B9F5-E3209768064F} = {74F8A3D8-41B3-443B-A7BC-8E62E7AF21A3}
		{CB18C853-FB5E-4DCA-BCD2-D3A6760BDE6C} = {5F724A4A-4E95-4FF2-BB92-35977028A46C}
		{3C87DBDF-3E43-4A5A-BF89-24BD26C6F056} = {5F724A4A-4E95-4FF2-BB92-35977028A46C}
		{C062A2CB-2F68-4B6E-98EE-D4F4A5AB2E69} = {5F724A4A-4E95-4FF2-BB92-35977028A46C}
		{7AA0CCE9-F114-45ED-BED1-604E1563FC54} = {74F8A3D8-41B3-443B-A7BC-8E62E7AF21A3}
	EndGlobalSection
	GlobalSection(ExtensibilityGlobals) = postSolution
		SolutionGuid = {FB0783F9-9CBD-44D2-B67E-10C2CC117C5B}
	EndGlobalSection
EndGlobal
